// !$*UTF8*$!
{
	archiveVersion = 1;
	classes = {
	};
	objectVersion = 46;
	objects = {

/* Begin PBXBuildFile section */
		2F02E80E176150BD007ACDB6 /* MainStoryboard.storyboard in Resources */ = {isa = PBXBuildFile; fileRef = 2F02E807176150BD007ACDB6 /* MainStoryboard.storyboard */; };
		2F20C3AB176D498A004E953C /* RateRideToken.m in Sources */ = {isa = PBXBuildFile; fileRef = 2F20C3AA176D498A004E953C /* RateRideToken.m */; };
		2F37C3E0175585C20033D552 /* RideDetailViewController.m in Sources */ = {isa = PBXBuildFile; fileRef = 2F37C3DF175585C20033D552 /* RideDetailViewController.m */; };
		2F383939175148F700DF3E25 /* ConfirmRideViewController.m in Sources */ = {isa = PBXBuildFile; fileRef = 2F383936175148F700DF3E25 /* ConfirmRideViewController.m */; };
		2F38393A175148F700DF3E25 /* RidesListViewController.m in Sources */ = {isa = PBXBuildFile; fileRef = 2F383938175148F700DF3E25 /* RidesListViewController.m */; };
		2F38393D1752E25200DF3E25 /* RideStatus.m in Sources */ = {isa = PBXBuildFile; fileRef = 2F38393C1752E25200DF3E25 /* RideStatus.m */; };
		2F4071B317483EC900D429FE /* Ride.m in Sources */ = {isa = PBXBuildFile; fileRef = 2F4071B217483EC900D429FE /* Ride.m */; };
		2F4071B71748526200D429FE /* CreateRideViewController.m in Sources */ = {isa = PBXBuildFile; fileRef = 2F4071B51748410C00D429FE /* CreateRideViewController.m */; };
		2F50CED4175D7B1700DF9B47 /* LocationServerController.m in Sources */ = {isa = PBXBuildFile; fileRef = 2F50CED3175D7B1700DF9B47 /* LocationServerController.m */; };
		2F5A12F9178B96800098D307 /* ScreenValidation.m in Sources */ = {isa = PBXBuildFile; fileRef = 2F5A12F8178B96800098D307 /* ScreenValidation.m */; };
		2F5E2899176ABB9D00FD2BB8 /* RateRideViewController.m in Sources */ = {isa = PBXBuildFile; fileRef = 2F5E2898176ABB9D00FD2BB8 /* RateRideViewController.m */; };
		2F62307517710DE400B51505 /* PassengerDetailViewController.m in Sources */ = {isa = PBXBuildFile; fileRef = 2F62307417710DE400B51505 /* PassengerDetailViewController.m */; };
		2F62307B1771123C00B51505 /* DriverDetailViewController.m in Sources */ = {isa = PBXBuildFile; fileRef = 2F62307A1771123C00B51505 /* DriverDetailViewController.m */; };
		2F62307D17711BFB00B51505 /* id-card.png in Resources */ = {isa = PBXBuildFile; fileRef = 2F62307C17711BFB00B51505 /* id-card.png */; };
		2F64BE7617C836B500BA4C3C /* icons_03_highlight.png in Resources */ = {isa = PBXBuildFile; fileRef = 2F64BE7217C836B500BA4C3C /* icons_03_highlight.png */; };
		2F64BE7717C836B500BA4C3C /* icons_03_highlight@2x.png in Resources */ = {isa = PBXBuildFile; fileRef = 2F64BE7317C836B500BA4C3C /* icons_03_highlight@2x.png */; };
		2F64BE7817C836B500BA4C3C /* icons_03.png in Resources */ = {isa = PBXBuildFile; fileRef = 2F64BE7417C836B500BA4C3C /* icons_03.png */; };
		2F64BE7917C836B500BA4C3C /* icons_03@2x.png in Resources */ = {isa = PBXBuildFile; fileRef = 2F64BE7517C836B500BA4C3C /* icons_03@2x.png */; };
		2F70E579176FE8E3004819AE /* DriverRideDetailViewController.m in Sources */ = {isa = PBXBuildFile; fileRef = 2F70E578176FE8E2004819AE /* DriverRideDetailViewController.m */; };
		2F70E57C176FED8B004819AE /* AssignRideToken.m in Sources */ = {isa = PBXBuildFile; fileRef = 2F70E57B176FED8B004819AE /* AssignRideToken.m */; };
		2F78B12D17A49D1B00DB4D9F /* CancelRideToken.m in Sources */ = {isa = PBXBuildFile; fileRef = 2F78B12C17A49D1B00DB4D9F /* CancelRideToken.m */; };
		2F9372751759748100F2DDC2 /* UserServerController.m in Sources */ = {isa = PBXBuildFile; fileRef = 76F692061755B36A000F9434 /* UserServerController.m */; };
		2F937276175974A600F2DDC2 /* SignInToken.m in Sources */ = {isa = PBXBuildFile; fileRef = 76A04ED61756FDE10012481B /* SignInToken.m */; };
		2F937278175974B000F2DDC2 /* Driver.m in Sources */ = {isa = PBXBuildFile; fileRef = 76A04ED31756FB020012481B /* Driver.m */; };
		2F937279175974D600F2DDC2 /* Passenger.m in Sources */ = {isa = PBXBuildFile; fileRef = 76A04ED01756FAD80012481B /* Passenger.m */; };
		2F93727C17599D0400F2DDC2 /* RideServerController.m in Sources */ = {isa = PBXBuildFile; fileRef = 2F93727B17599D0300F2DDC2 /* RideServerController.m */; };
		2F93727F17599D6800F2DDC2 /* DateHelper.m in Sources */ = {isa = PBXBuildFile; fileRef = 2F93727E17599D6800F2DDC2 /* DateHelper.m */; };
		2F93C70B17C6D3E100F38940 /* Default.png in Resources */ = {isa = PBXBuildFile; fileRef = 2F93C70A17C6D3E100F38940 /* Default.png */; };
		2F93C70D17C6D3F700F38940 /* Default@2x.png in Resources */ = {isa = PBXBuildFile; fileRef = 2F93C70C17C6D3F700F38940 /* Default@2x.png */; };
		2F93C70F17C6D40A00F38940 /* Default-568h@2x.png in Resources */ = {isa = PBXBuildFile; fileRef = 2F93C70E17C6D40A00F38940 /* Default-568h@2x.png */; };
		2FA7314917CD69FD00E29B4D /* 114.png in Resources */ = {isa = PBXBuildFile; fileRef = 2FA7314817CD69FD00E29B4D /* 114.png */; };
		2FA7314B17CD6A0400E29B4D /* 57.png in Resources */ = {isa = PBXBuildFile; fileRef = 2FA7314A17CD6A0400E29B4D /* 57.png */; };
		2FAFA03B177733D100ACC3B4 /* PDKeychainBindings.m in Sources */ = {isa = PBXBuildFile; fileRef = 2FAFA038177733D100ACC3B4 /* PDKeychainBindings.m */; };
		2FAFA03C177733D100ACC3B4 /* PDKeychainBindingsController.m in Sources */ = {isa = PBXBuildFile; fileRef = 2FAFA03A177733D100ACC3B4 /* PDKeychainBindingsController.m */; };
		2FAFA03E177733FB00ACC3B4 /* Security.framework in Frameworks */ = {isa = PBXBuildFile; fileRef = 2FAFA03D177733FB00ACC3B4 /* Security.framework */; };
		2FAFA0421777353F00ACC3B4 /* CurrentSessionController.m in Sources */ = {isa = PBXBuildFile; fileRef = 2FAFA0411777353F00ACC3B4 /* CurrentSessionController.m */; };
		2FAFA0441777401E00ACC3B4 /* PDKeychainBindings.m in Sources */ = {isa = PBXBuildFile; fileRef = 2FAFA038177733D100ACC3B4 /* PDKeychainBindings.m */; };
		2FAFA0461777401E00ACC3B4 /* PDKeychainBindingsController.m in Sources */ = {isa = PBXBuildFile; fileRef = 2FAFA03A177733D100ACC3B4 /* PDKeychainBindingsController.m */; };
		2FB89ABD176E5B090036F101 /* UnassignedRidesViewController.m in Sources */ = {isa = PBXBuildFile; fileRef = 2FB89ABC176E5B080036F101 /* UnassignedRidesViewController.m */; };
		2FD5EC6B1794E11C00EA85DC /* MyRidesViewController.m in Sources */ = {isa = PBXBuildFile; fileRef = 2FD5EC6A1794E11C00EA85DC /* MyRidesViewController.m */; };
		2FFDDCE21782687C00F23BD1 /* MBProgressHUD.m in Sources */ = {isa = PBXBuildFile; fileRef = 2FFDDCE11782687C00F23BD1 /* MBProgressHUD.m */; };
		2FFDDCE317826AED00F23BD1 /* MBProgressHUD.m in Sources */ = {isa = PBXBuildFile; fileRef = 2FFDDCE11782687C00F23BD1 /* MBProgressHUD.m */; };
		7665CA6F175EE8CD00784090 /* CarTypeServerController.m in Sources */ = {isa = PBXBuildFile; fileRef = 7665CA6E175EE8CD00784090 /* CarTypeServerController.m */; };
		76A0E33917544689009D18CB /* Marshaller.m in Sources */ = {isa = PBXBuildFile; fileRef = 76A0E33817544689009D18CB /* Marshaller.m */; };
		76C5ECA517482E7B00F87A75 /* ActiveStatus.m in Sources */ = {isa = PBXBuildFile; fileRef = 76C5EC8117482E7A00F87A75 /* ActiveStatus.m */; };
		76C5ECA617482E7B00F87A75 /* AppDelegate.m in Sources */ = {isa = PBXBuildFile; fileRef = 76C5EC8317482E7A00F87A75 /* AppDelegate.m */; };
		76C5ECA717482E7B00F87A75 /* CallResult.m in Sources */ = {isa = PBXBuildFile; fileRef = 76C5EC8517482E7A00F87A75 /* CallResult.m */; };
		76C5ECA817482E7B00F87A75 /* CarType.m in Sources */ = {isa = PBXBuildFile; fileRef = 76C5EC8717482E7A00F87A75 /* CarType.m */; };
		76C5ECA917482E7B00F87A75 /* CarTypeViewController.m in Sources */ = {isa = PBXBuildFile; fileRef = 76C5EC8917482E7A00F87A75 /* CarTypeViewController.m */; };
		76C5ECAA17482E7B00F87A75 /* CurrentSessionToken.m in Sources */ = {isa = PBXBuildFile; fileRef = 76C5EC8B17482E7A00F87A75 /* CurrentSessionToken.m */; };
		76C5ECAB17482E7B00F87A75 /* DriverInfoViewController.m in Sources */ = {isa = PBXBuildFile; fileRef = 76C5EC8D17482E7A00F87A75 /* DriverInfoViewController.m */; };
		76C5ECAC17482E7B00F87A75 /* DriverSignUpViewController.m in Sources */ = {isa = PBXBuildFile; fileRef = 76C5EC8F17482E7A00F87A75 /* DriverSignUpViewController.m */; };
		76C5ECAD17482E7B00F87A75 /* InfoPlist.strings in Resources */ = {isa = PBXBuildFile; fileRef = 76C5EC9117482E7A00F87A75 /* InfoPlist.strings */; };
		76C5ECAF17482E7B00F87A75 /* Helper.m in Sources */ = {isa = PBXBuildFile; fileRef = 76C5EC9617482E7A00F87A75 /* Helper.m */; };
		76C5ECB017482E7B00F87A75 /* Location.m in Sources */ = {isa = PBXBuildFile; fileRef = 76C5EC9817482E7A00F87A75 /* Location.m */; };
		76C5ECB117482E7B00F87A75 /* LocationViewController.m in Sources */ = {isa = PBXBuildFile; fileRef = 76C5EC9A17482E7A00F87A75 /* LocationViewController.m */; };
		76C5ECB217482E7B00F87A75 /* LogInViewController.m in Sources */ = {isa = PBXBuildFile; fileRef = 76C5EC9C17482E7A00F87A75 /* LogInViewController.m */; };
		76C5ECB317482E7B00F87A75 /* User.m in Sources */ = {isa = PBXBuildFile; fileRef = 76C5EC9E17482E7A00F87A75 /* User.m */; };
		76C5ECB417482E7B00F87A75 /* PassengerInfoViewController.m in Sources */ = {isa = PBXBuildFile; fileRef = 76C5ECA017482E7B00F87A75 /* PassengerInfoViewController.m */; };
		76C5ECB617482E7B00F87A75 /* PassengerSignUpViewController.m in Sources */ = {isa = PBXBuildFile; fileRef = 76C5ECA417482E7B00F87A75 /* PassengerSignUpViewController.m */; };
		76DE98CB17502EA100E6072B /* UserViewController.m in Sources */ = {isa = PBXBuildFile; fileRef = 76DE98CA17502EA100E6072B /* UserViewController.m */; };
		76E885A2174827DB00694D65 /* UIKit.framework in Frameworks */ = {isa = PBXBuildFile; fileRef = 76E885A1174827DB00694D65 /* UIKit.framework */; };
		76E885A4174827DB00694D65 /* Foundation.framework in Frameworks */ = {isa = PBXBuildFile; fileRef = 76E885A3174827DB00694D65 /* Foundation.framework */; };
		76E885A6174827DB00694D65 /* CoreGraphics.framework in Frameworks */ = {isa = PBXBuildFile; fileRef = 76E885A5174827DB00694D65 /* CoreGraphics.framework */; };
		76E885AC174827DB00694D65 /* InfoPlist.strings in Resources */ = {isa = PBXBuildFile; fileRef = 76E885AA174827DB00694D65 /* InfoPlist.strings */; };
		76E885AE174827DB00694D65 /* main.m in Sources */ = {isa = PBXBuildFile; fileRef = 76E885AD174827DB00694D65 /* main.m */; };
		76E885C6174827DB00694D65 /* SenTestingKit.framework in Frameworks */ = {isa = PBXBuildFile; fileRef = 76E885C5174827DB00694D65 /* SenTestingKit.framework */; };
		76E885C7174827DB00694D65 /* UIKit.framework in Frameworks */ = {isa = PBXBuildFile; fileRef = 76E885A1174827DB00694D65 /* UIKit.framework */; };
		76E885C8174827DB00694D65 /* Foundation.framework in Frameworks */ = {isa = PBXBuildFile; fileRef = 76E885A3174827DB00694D65 /* Foundation.framework */; };
		76E885D0174827DB00694D65 /* InfoPlist.strings in Resources */ = {isa = PBXBuildFile; fileRef = 76E885CE174827DB00694D65 /* InfoPlist.strings */; };
		76E885D3174827DB00694D65 /* MtaxiTests.m in Sources */ = {isa = PBXBuildFile; fileRef = 76E885D2174827DB00694D65 /* MtaxiTests.m */; };
/* End PBXBuildFile section */

/* Begin PBXContainerItemProxy section */
		76E885C9174827DB00694D65 /* PBXContainerItemProxy */ = {
			isa = PBXContainerItemProxy;
			containerPortal = 76E88596174827DB00694D65 /* Project object */;
			proxyType = 1;
			remoteGlobalIDString = 76E8859D174827DB00694D65;
			remoteInfo = Mtaxi;
		};
/* End PBXContainerItemProxy section */

/* Begin PBXCopyFilesBuildPhase section */
		2FFDDCDD1782669F00F23BD1 /* CopyFiles */ = {
			isa = PBXCopyFilesBuildPhase;
			buildActionMask = 2147483647;
			dstPath = "";
			dstSubfolderSpec = 7;
			files = (
			);
			runOnlyForDeploymentPostprocessing = 0;
		};
/* End PBXCopyFilesBuildPhase section */

/* Begin PBXFileReference section */
		2F02E808176150BD007ACDB6 /* en */ = {isa = PBXFileReference; lastKnownFileType = file.storyboard; name = en; path = en.lproj/MainStoryboard.storyboard; sourceTree = "<group>"; };
		2F02E80D176150BD007ACDB6 /* pt-BR */ = {isa = PBXFileReference; lastKnownFileType = file.storyboard; name = "pt-BR"; path = MainStoryboard.storyboard; sourceTree = "<group>"; };
		2F20C3A9176D498A004E953C /* RateRideToken.h */ = {isa = PBXFileReference; fileEncoding = 4; lastKnownFileType = sourcecode.c.h; path = RateRideToken.h; sourceTree = "<group>"; };
		2F20C3AA176D498A004E953C /* RateRideToken.m */ = {isa = PBXFileReference; fileEncoding = 4; lastKnownFileType = sourcecode.c.objc; path = RateRideToken.m; sourceTree = "<group>"; };
		2F37C3DE175585C20033D552 /* RideDetailViewController.h */ = {isa = PBXFileReference; fileEncoding = 4; lastKnownFileType = sourcecode.c.h; path = RideDetailViewController.h; sourceTree = "<group>"; };
		2F37C3DF175585C20033D552 /* RideDetailViewController.m */ = {isa = PBXFileReference; fileEncoding = 4; lastKnownFileType = sourcecode.c.objc; path = RideDetailViewController.m; sourceTree = "<group>"; };
		2F383935175148F700DF3E25 /* ConfirmRideViewController.h */ = {isa = PBXFileReference; fileEncoding = 4; lastKnownFileType = sourcecode.c.h; path = ConfirmRideViewController.h; sourceTree = "<group>"; };
		2F383936175148F700DF3E25 /* ConfirmRideViewController.m */ = {isa = PBXFileReference; fileEncoding = 4; lastKnownFileType = sourcecode.c.objc; path = ConfirmRideViewController.m; sourceTree = "<group>"; };
		2F383937175148F700DF3E25 /* RidesListViewController.h */ = {isa = PBXFileReference; fileEncoding = 4; lastKnownFileType = sourcecode.c.h; path = RidesListViewController.h; sourceTree = "<group>"; };
		2F383938175148F700DF3E25 /* RidesListViewController.m */ = {isa = PBXFileReference; fileEncoding = 4; lastKnownFileType = sourcecode.c.objc; path = RidesListViewController.m; sourceTree = "<group>"; };
		2F38393B1752E25100DF3E25 /* RideStatus.h */ = {isa = PBXFileReference; fileEncoding = 4; lastKnownFileType = sourcecode.c.h; path = RideStatus.h; sourceTree = "<group>"; };
		2F38393C1752E25200DF3E25 /* RideStatus.m */ = {isa = PBXFileReference; fileEncoding = 4; lastKnownFileType = sourcecode.c.objc; path = RideStatus.m; sourceTree = "<group>"; };
		2F4071B117483EC900D429FE /* Ride.h */ = {isa = PBXFileReference; fileEncoding = 4; lastKnownFileType = sourcecode.c.h; path = Ride.h; sourceTree = "<group>"; };
		2F4071B217483EC900D429FE /* Ride.m */ = {isa = PBXFileReference; fileEncoding = 4; lastKnownFileType = sourcecode.c.objc; path = Ride.m; sourceTree = "<group>"; };
		2F4071B41748410C00D429FE /* CreateRideViewController.h */ = {isa = PBXFileReference; fileEncoding = 4; lastKnownFileType = sourcecode.c.h; path = CreateRideViewController.h; sourceTree = "<group>"; };
		2F4071B51748410C00D429FE /* CreateRideViewController.m */ = {isa = PBXFileReference; fileEncoding = 4; lastKnownFileType = sourcecode.c.objc; path = CreateRideViewController.m; sourceTree = "<group>"; };
		2F50CED2175D7B1700DF9B47 /* LocationServerController.h */ = {isa = PBXFileReference; fileEncoding = 4; lastKnownFileType = sourcecode.c.h; path = LocationServerController.h; sourceTree = "<group>"; };
		2F50CED3175D7B1700DF9B47 /* LocationServerController.m */ = {isa = PBXFileReference; fileEncoding = 4; lastKnownFileType = sourcecode.c.objc; path = LocationServerController.m; sourceTree = "<group>"; };
		2F5A12F7178B96800098D307 /* ScreenValidation.h */ = {isa = PBXFileReference; fileEncoding = 4; lastKnownFileType = sourcecode.c.h; path = ScreenValidation.h; sourceTree = "<group>"; };
		2F5A12F8178B96800098D307 /* ScreenValidation.m */ = {isa = PBXFileReference; fileEncoding = 4; lastKnownFileType = sourcecode.c.objc; path = ScreenValidation.m; sourceTree = "<group>"; };
		2F5E2897176ABB9D00FD2BB8 /* RateRideViewController.h */ = {isa = PBXFileReference; fileEncoding = 4; lastKnownFileType = sourcecode.c.h; path = RateRideViewController.h; sourceTree = "<group>"; };
		2F5E2898176ABB9D00FD2BB8 /* RateRideViewController.m */ = {isa = PBXFileReference; fileEncoding = 4; lastKnownFileType = sourcecode.c.objc; path = RateRideViewController.m; sourceTree = "<group>"; };
		2F62307317710DE400B51505 /* PassengerDetailViewController.h */ = {isa = PBXFileReference; fileEncoding = 4; lastKnownFileType = sourcecode.c.h; path = PassengerDetailViewController.h; sourceTree = "<group>"; };
		2F62307417710DE400B51505 /* PassengerDetailViewController.m */ = {isa = PBXFileReference; fileEncoding = 4; lastKnownFileType = sourcecode.c.objc; path = PassengerDetailViewController.m; sourceTree = "<group>"; };
		2F6230791771123C00B51505 /* DriverDetailViewController.h */ = {isa = PBXFileReference; fileEncoding = 4; lastKnownFileType = sourcecode.c.h; path = DriverDetailViewController.h; sourceTree = "<group>"; };
		2F62307A1771123C00B51505 /* DriverDetailViewController.m */ = {isa = PBXFileReference; fileEncoding = 4; lastKnownFileType = sourcecode.c.objc; path = DriverDetailViewController.m; sourceTree = "<group>"; };
		2F62307C17711BFB00B51505 /* id-card.png */ = {isa = PBXFileReference; lastKnownFileType = image.png; path = "id-card.png"; sourceTree = "<group>"; };
		2F64BE7217C836B500BA4C3C /* icons_03_highlight.png */ = {isa = PBXFileReference; lastKnownFileType = image.png; path = icons_03_highlight.png; sourceTree = "<group>"; };
		2F64BE7317C836B500BA4C3C /* icons_03_highlight@2x.png */ = {isa = PBXFileReference; lastKnownFileType = image.png; path = "icons_03_highlight@2x.png"; sourceTree = "<group>"; };
		2F64BE7417C836B500BA4C3C /* icons_03.png */ = {isa = PBXFileReference; lastKnownFileType = image.png; path = icons_03.png; sourceTree = "<group>"; };
		2F64BE7517C836B500BA4C3C /* icons_03@2x.png */ = {isa = PBXFileReference; lastKnownFileType = image.png; path = "icons_03@2x.png"; sourceTree = "<group>"; };
		2F70E577176FE8E2004819AE /* DriverRideDetailViewController.h */ = {isa = PBXFileReference; fileEncoding = 4; lastKnownFileType = sourcecode.c.h; path = DriverRideDetailViewController.h; sourceTree = "<group>"; };
		2F70E578176FE8E2004819AE /* DriverRideDetailViewController.m */ = {isa = PBXFileReference; fileEncoding = 4; lastKnownFileType = sourcecode.c.objc; path = DriverRideDetailViewController.m; sourceTree = "<group>"; };
		2F70E57A176FED8A004819AE /* AssignRideToken.h */ = {isa = PBXFileReference; fileEncoding = 4; lastKnownFileType = sourcecode.c.h; path = AssignRideToken.h; sourceTree = "<group>"; };
		2F70E57B176FED8B004819AE /* AssignRideToken.m */ = {isa = PBXFileReference; fileEncoding = 4; lastKnownFileType = sourcecode.c.objc; path = AssignRideToken.m; sourceTree = "<group>"; };
		2F78B12B17A49D1B00DB4D9F /* CancelRideToken.h */ = {isa = PBXFileReference; fileEncoding = 4; lastKnownFileType = sourcecode.c.h; path = CancelRideToken.h; sourceTree = "<group>"; };
		2F78B12C17A49D1B00DB4D9F /* CancelRideToken.m */ = {isa = PBXFileReference; fileEncoding = 4; lastKnownFileType = sourcecode.c.objc; path = CancelRideToken.m; sourceTree = "<group>"; };
		2F93727A17599D0300F2DDC2 /* RideServerController.h */ = {isa = PBXFileReference; fileEncoding = 4; lastKnownFileType = sourcecode.c.h; path = RideServerController.h; sourceTree = "<group>"; };
		2F93727B17599D0300F2DDC2 /* RideServerController.m */ = {isa = PBXFileReference; fileEncoding = 4; lastKnownFileType = sourcecode.c.objc; path = RideServerController.m; sourceTree = "<group>"; };
		2F93727D17599D6800F2DDC2 /* DateHelper.h */ = {isa = PBXFileReference; fileEncoding = 4; lastKnownFileType = sourcecode.c.h; path = DateHelper.h; sourceTree = "<group>"; };
		2F93727E17599D6800F2DDC2 /* DateHelper.m */ = {isa = PBXFileReference; fileEncoding = 4; lastKnownFileType = sourcecode.c.objc; path = DateHelper.m; sourceTree = "<group>"; };
		2F93C70A17C6D3E100F38940 /* Default.png */ = {isa = PBXFileReference; lastKnownFileType = image.png; name = Default.png; path = ../Default.png; sourceTree = "<group>"; };
		2F93C70C17C6D3F700F38940 /* Default@2x.png */ = {isa = PBXFileReference; lastKnownFileType = image.png; name = "Default@2x.png"; path = "../Default@2x.png"; sourceTree = "<group>"; };
		2F93C70E17C6D40A00F38940 /* Default-568h@2x.png */ = {isa = PBXFileReference; lastKnownFileType = image.png; name = "Default-568h@2x.png"; path = "../Default-568h@2x.png"; sourceTree = "<group>"; };
		2F93C71017C6D46C00F38940 /* icons_01_highlight.png */ = {isa = PBXFileReference; lastKnownFileType = image.png; path = icons_01_highlight.png; sourceTree = "<group>"; };
		2F93C71117C6D46C00F38940 /* icons_01_highlight@2x.png */ = {isa = PBXFileReference; lastKnownFileType = image.png; path = "icons_01_highlight@2x.png"; sourceTree = "<group>"; };
		2F93C71217C6D46C00F38940 /* icons_01.png */ = {isa = PBXFileReference; lastKnownFileType = image.png; path = icons_01.png; sourceTree = "<group>"; };
		2F93C71317C6D46C00F38940 /* icons_01@2x.png */ = {isa = PBXFileReference; lastKnownFileType = image.png; path = "icons_01@2x.png"; sourceTree = "<group>"; };
		2F93C71417C6D46C00F38940 /* icons_02_highlight.png */ = {isa = PBXFileReference; lastKnownFileType = image.png; path = icons_02_highlight.png; sourceTree = "<group>"; };
		2F93C71517C6D46C00F38940 /* icons_02_highlight@2x.png */ = {isa = PBXFileReference; lastKnownFileType = image.png; path = "icons_02_highlight@2x.png"; sourceTree = "<group>"; };
		2F93C71617C6D46C00F38940 /* icons_02.png */ = {isa = PBXFileReference; lastKnownFileType = image.png; path = icons_02.png; sourceTree = "<group>"; };
		2F93C71717C6D46C00F38940 /* icons_02@2x.png */ = {isa = PBXFileReference; lastKnownFileType = image.png; path = "icons_02@2x.png"; sourceTree = "<group>"; };
		2FA7314817CD69FD00E29B4D /* 114.png */ = {isa = PBXFileReference; lastKnownFileType = image.png; name = 114.png; path = ../114.png; sourceTree = "<group>"; };
		2FA7314A17CD6A0400E29B4D /* 57.png */ = {isa = PBXFileReference; lastKnownFileType = image.png; name = 57.png; path = ../57.png; sourceTree = "<group>"; };
		2FAFA037177733D100ACC3B4 /* PDKeychainBindings.h */ = {isa = PBXFileReference; fileEncoding = 4; lastKnownFileType = sourcecode.c.h; path = PDKeychainBindings.h; sourceTree = "<group>"; };
		2FAFA038177733D100ACC3B4 /* PDKeychainBindings.m */ = {isa = PBXFileReference; fileEncoding = 4; lastKnownFileType = sourcecode.c.objc; path = PDKeychainBindings.m; sourceTree = "<group>"; };
		2FAFA039177733D100ACC3B4 /* PDKeychainBindingsController.h */ = {isa = PBXFileReference; fileEncoding = 4; lastKnownFileType = sourcecode.c.h; path = PDKeychainBindingsController.h; sourceTree = "<group>"; };
		2FAFA03A177733D100ACC3B4 /* PDKeychainBindingsController.m */ = {isa = PBXFileReference; fileEncoding = 4; lastKnownFileType = sourcecode.c.objc; path = PDKeychainBindingsController.m; sourceTree = "<group>"; };
		2FAFA03D177733FB00ACC3B4 /* Security.framework */ = {isa = PBXFileReference; lastKnownFileType = wrapper.framework; name = Security.framework; path = System/Library/Frameworks/Security.framework; sourceTree = SDKROOT; };
		2FAFA0401777353F00ACC3B4 /* CurrentSessionController.h */ = {isa = PBXFileReference; fileEncoding = 4; lastKnownFileType = sourcecode.c.h; path = CurrentSessionController.h; sourceTree = "<group>"; };
		2FAFA0411777353F00ACC3B4 /* CurrentSessionController.m */ = {isa = PBXFileReference; fileEncoding = 4; lastKnownFileType = sourcecode.c.objc; path = CurrentSessionController.m; sourceTree = "<group>"; };
		2FB89ABB176E5B080036F101 /* UnassignedRidesViewController.h */ = {isa = PBXFileReference; fileEncoding = 4; lastKnownFileType = sourcecode.c.h; path = UnassignedRidesViewController.h; sourceTree = "<group>"; };
		2FB89ABC176E5B080036F101 /* UnassignedRidesViewController.m */ = {isa = PBXFileReference; fileEncoding = 4; lastKnownFileType = sourcecode.c.objc; path = UnassignedRidesViewController.m; sourceTree = "<group>"; };
		2FD5EC691794E11C00EA85DC /* MyRidesViewController.h */ = {isa = PBXFileReference; fileEncoding = 4; lastKnownFileType = sourcecode.c.h; path = MyRidesViewController.h; sourceTree = "<group>"; };
		2FD5EC6A1794E11C00EA85DC /* MyRidesViewController.m */ = {isa = PBXFileReference; fileEncoding = 4; lastKnownFileType = sourcecode.c.objc; path = MyRidesViewController.m; sourceTree = "<group>"; };
		2FFDDCE01782687C00F23BD1 /* MBProgressHUD.h */ = {isa = PBXFileReference; fileEncoding = 4; lastKnownFileType = sourcecode.c.h; path = MBProgressHUD.h; sourceTree = "<group>"; };
		2FFDDCE11782687C00F23BD1 /* MBProgressHUD.m */ = {isa = PBXFileReference; fileEncoding = 4; lastKnownFileType = sourcecode.c.objc; path = MBProgressHUD.m; sourceTree = "<group>"; };
		7665CA6D175EE8CD00784090 /* CarTypeServerController.h */ = {isa = PBXFileReference; fileEncoding = 4; lastKnownFileType = sourcecode.c.h; path = CarTypeServerController.h; sourceTree = "<group>"; };
		7665CA6E175EE8CD00784090 /* CarTypeServerController.m */ = {isa = PBXFileReference; fileEncoding = 4; lastKnownFileType = sourcecode.c.objc; path = CarTypeServerController.m; sourceTree = "<group>"; };
		7696CE6F174FE8DA00AB736A /* pt-BR */ = {isa = PBXFileReference; lastKnownFileType = text.plist.strings; name = "pt-BR"; path = "pt-BR.lproj/InfoPlist.strings"; sourceTree = "<group>"; };
		7696CE71174FE8DA00AB736A /* pt-BR */ = {isa = PBXFileReference; lastKnownFileType = text.plist.strings; name = "pt-BR"; path = "pt-BR.lproj/InfoPlist.strings"; sourceTree = "<group>"; };
		7696CE72174FE8DA00AB736A /* pt-BR */ = {isa = PBXFileReference; lastKnownFileType = text.plist.strings; name = "pt-BR"; path = "pt-BR.lproj/InfoPlist.strings"; sourceTree = "<group>"; };
		76A04ECF1756FAD80012481B /* Passenger.h */ = {isa = PBXFileReference; fileEncoding = 4; lastKnownFileType = sourcecode.c.h; path = Passenger.h; sourceTree = "<group>"; };
		76A04ED01756FAD80012481B /* Passenger.m */ = {isa = PBXFileReference; fileEncoding = 4; lastKnownFileType = sourcecode.c.objc; path = Passenger.m; sourceTree = "<group>"; };
		76A04ED21756FB020012481B /* Driver.h */ = {isa = PBXFileReference; fileEncoding = 4; lastKnownFileType = sourcecode.c.h; path = Driver.h; sourceTree = "<group>"; };
		76A04ED31756FB020012481B /* Driver.m */ = {isa = PBXFileReference; fileEncoding = 4; lastKnownFileType = sourcecode.c.objc; path = Driver.m; sourceTree = "<group>"; };
		76A04ED51756FDE10012481B /* SignInToken.h */ = {isa = PBXFileReference; fileEncoding = 4; lastKnownFileType = sourcecode.c.h; path = SignInToken.h; sourceTree = "<group>"; };
		76A04ED61756FDE10012481B /* SignInToken.m */ = {isa = PBXFileReference; fileEncoding = 4; lastKnownFileType = sourcecode.c.objc; path = SignInToken.m; sourceTree = "<group>"; };
		76A0E33717544689009D18CB /* Marshaller.h */ = {isa = PBXFileReference; fileEncoding = 4; lastKnownFileType = sourcecode.c.h; path = Marshaller.h; sourceTree = "<group>"; };
		76A0E33817544689009D18CB /* Marshaller.m */ = {isa = PBXFileReference; fileEncoding = 4; lastKnownFileType = sourcecode.c.objc; path = Marshaller.m; sourceTree = "<group>"; };
		76C5EC8017482E7A00F87A75 /* ActiveStatus.h */ = {isa = PBXFileReference; fileEncoding = 4; lastKnownFileType = sourcecode.c.h; path = ActiveStatus.h; sourceTree = "<group>"; };
		76C5EC8117482E7A00F87A75 /* ActiveStatus.m */ = {isa = PBXFileReference; fileEncoding = 4; lastKnownFileType = sourcecode.c.objc; path = ActiveStatus.m; sourceTree = "<group>"; };
		76C5EC8217482E7A00F87A75 /* AppDelegate.h */ = {isa = PBXFileReference; fileEncoding = 4; lastKnownFileType = sourcecode.c.h; path = AppDelegate.h; sourceTree = "<group>"; };
		76C5EC8317482E7A00F87A75 /* AppDelegate.m */ = {isa = PBXFileReference; fileEncoding = 4; lastKnownFileType = sourcecode.c.objc; path = AppDelegate.m; sourceTree = "<group>"; };
		76C5EC8417482E7A00F87A75 /* CallResult.h */ = {isa = PBXFileReference; fileEncoding = 4; lastKnownFileType = sourcecode.c.h; path = CallResult.h; sourceTree = "<group>"; };
		76C5EC8517482E7A00F87A75 /* CallResult.m */ = {isa = PBXFileReference; fileEncoding = 4; lastKnownFileType = sourcecode.c.objc; path = CallResult.m; sourceTree = "<group>"; };
		76C5EC8617482E7A00F87A75 /* CarType.h */ = {isa = PBXFileReference; fileEncoding = 4; lastKnownFileType = sourcecode.c.h; path = CarType.h; sourceTree = "<group>"; };
		76C5EC8717482E7A00F87A75 /* CarType.m */ = {isa = PBXFileReference; fileEncoding = 4; lastKnownFileType = sourcecode.c.objc; path = CarType.m; sourceTree = "<group>"; };
		76C5EC8817482E7A00F87A75 /* CarTypeViewController.h */ = {isa = PBXFileReference; fileEncoding = 4; lastKnownFileType = sourcecode.c.h; path = CarTypeViewController.h; sourceTree = "<group>"; };
		76C5EC8917482E7A00F87A75 /* CarTypeViewController.m */ = {isa = PBXFileReference; fileEncoding = 4; lastKnownFileType = sourcecode.c.objc; path = CarTypeViewController.m; sourceTree = "<group>"; };
		76C5EC8A17482E7A00F87A75 /* CurrentSessionToken.h */ = {isa = PBXFileReference; fileEncoding = 4; lastKnownFileType = sourcecode.c.h; path = CurrentSessionToken.h; sourceTree = "<group>"; };
		76C5EC8B17482E7A00F87A75 /* CurrentSessionToken.m */ = {isa = PBXFileReference; fileEncoding = 4; lastKnownFileType = sourcecode.c.objc; path = CurrentSessionToken.m; sourceTree = "<group>"; };
		76C5EC8C17482E7A00F87A75 /* DriverInfoViewController.h */ = {isa = PBXFileReference; fileEncoding = 4; lastKnownFileType = sourcecode.c.h; path = DriverInfoViewController.h; sourceTree = "<group>"; };
		76C5EC8D17482E7A00F87A75 /* DriverInfoViewController.m */ = {isa = PBXFileReference; fileEncoding = 4; lastKnownFileType = sourcecode.c.objc; path = DriverInfoViewController.m; sourceTree = "<group>"; };
		76C5EC8E17482E7A00F87A75 /* DriverSignUpViewController.h */ = {isa = PBXFileReference; fileEncoding = 4; lastKnownFileType = sourcecode.c.h; path = DriverSignUpViewController.h; sourceTree = "<group>"; };
		76C5EC8F17482E7A00F87A75 /* DriverSignUpViewController.m */ = {isa = PBXFileReference; fileEncoding = 4; lastKnownFileType = sourcecode.c.objc; path = DriverSignUpViewController.m; sourceTree = "<group>"; };
		76C5EC9217482E7A00F87A75 /* en */ = {isa = PBXFileReference; lastKnownFileType = text.plist.strings; name = en; path = InfoPlist.strings; sourceTree = "<group>"; };
		76C5EC9517482E7A00F87A75 /* Helper.h */ = {isa = PBXFileReference; fileEncoding = 4; lastKnownFileType = sourcecode.c.h; path = Helper.h; sourceTree = "<group>"; };
		76C5EC9617482E7A00F87A75 /* Helper.m */ = {isa = PBXFileReference; fileEncoding = 4; lastKnownFileType = sourcecode.c.objc; path = Helper.m; sourceTree = "<group>"; };
		76C5EC9717482E7A00F87A75 /* Location.h */ = {isa = PBXFileReference; fileEncoding = 4; lastKnownFileType = sourcecode.c.h; path = Location.h; sourceTree = "<group>"; };
		76C5EC9817482E7A00F87A75 /* Location.m */ = {isa = PBXFileReference; fileEncoding = 4; lastKnownFileType = sourcecode.c.objc; path = Location.m; sourceTree = "<group>"; };
		76C5EC9917482E7A00F87A75 /* LocationViewController.h */ = {isa = PBXFileReference; fileEncoding = 4; lastKnownFileType = sourcecode.c.h; path = LocationViewController.h; sourceTree = "<group>"; };
		76C5EC9A17482E7A00F87A75 /* LocationViewController.m */ = {isa = PBXFileReference; fileEncoding = 4; lastKnownFileType = sourcecode.c.objc; path = LocationViewController.m; sourceTree = "<group>"; };
		76C5EC9B17482E7A00F87A75 /* LogInViewController.h */ = {isa = PBXFileReference; fileEncoding = 4; lastKnownFileType = sourcecode.c.h; name = LogInViewController.h; path = Mtaxi/LogInViewController.h; sourceTree = "<group>"; };
		76C5EC9C17482E7A00F87A75 /* LogInViewController.m */ = {isa = PBXFileReference; fileEncoding = 4; lastKnownFileType = sourcecode.c.objc; name = LogInViewController.m; path = Mtaxi/LogInViewController.m; sourceTree = "<group>"; };
		76C5EC9D17482E7A00F87A75 /* User.h */ = {isa = PBXFileReference; fileEncoding = 4; lastKnownFileType = sourcecode.c.h; name = User.h; path = Mtaxi/User.h; sourceTree = "<group>"; };
		76C5EC9E17482E7A00F87A75 /* User.m */ = {isa = PBXFileReference; fileEncoding = 4; lastKnownFileType = sourcecode.c.objc; name = User.m; path = Mtaxi/User.m; sourceTree = "<group>"; };
		76C5EC9F17482E7A00F87A75 /* PassengerInfoViewController.h */ = {isa = PBXFileReference; fileEncoding = 4; lastKnownFileType = sourcecode.c.h; path = PassengerInfoViewController.h; sourceTree = "<group>"; };
		76C5ECA017482E7B00F87A75 /* PassengerInfoViewController.m */ = {isa = PBXFileReference; fileEncoding = 4; lastKnownFileType = sourcecode.c.objc; path = PassengerInfoViewController.m; sourceTree = "<group>"; };
		76C5ECA317482E7B00F87A75 /* PassengerSignUpViewController.h */ = {isa = PBXFileReference; fileEncoding = 4; lastKnownFileType = sourcecode.c.h; path = PassengerSignUpViewController.h; sourceTree = "<group>"; };
		76C5ECA417482E7B00F87A75 /* PassengerSignUpViewController.m */ = {isa = PBXFileReference; fileEncoding = 4; lastKnownFileType = sourcecode.c.objc; path = PassengerSignUpViewController.m; sourceTree = "<group>"; };
		76DE98C917502EA100E6072B /* UserViewController.h */ = {isa = PBXFileReference; fileEncoding = 4; lastKnownFileType = sourcecode.c.h; path = UserViewController.h; sourceTree = "<group>"; };
		76DE98CA17502EA100E6072B /* UserViewController.m */ = {isa = PBXFileReference; fileEncoding = 4; lastKnownFileType = sourcecode.c.objc; path = UserViewController.m; sourceTree = "<group>"; };
		76E8859E174827DB00694D65 /* Mtaxi.app */ = {isa = PBXFileReference; explicitFileType = wrapper.application; includeInIndex = 0; path = Mtaxi.app; sourceTree = BUILT_PRODUCTS_DIR; };
		76E885A1174827DB00694D65 /* UIKit.framework */ = {isa = PBXFileReference; lastKnownFileType = wrapper.framework; name = UIKit.framework; path = System/Library/Frameworks/UIKit.framework; sourceTree = SDKROOT; };
		76E885A3174827DB00694D65 /* Foundation.framework */ = {isa = PBXFileReference; lastKnownFileType = wrapper.framework; name = Foundation.framework; path = System/Library/Frameworks/Foundation.framework; sourceTree = SDKROOT; };
		76E885A5174827DB00694D65 /* CoreGraphics.framework */ = {isa = PBXFileReference; lastKnownFileType = wrapper.framework; name = CoreGraphics.framework; path = System/Library/Frameworks/CoreGraphics.framework; sourceTree = SDKROOT; };
		76E885A9174827DB00694D65 /* Mtaxi-Info.plist */ = {isa = PBXFileReference; lastKnownFileType = text.plist.xml; path = "Mtaxi-Info.plist"; sourceTree = "<group>"; };
		76E885AB174827DB00694D65 /* en */ = {isa = PBXFileReference; lastKnownFileType = text.plist.strings; name = en; path = en.lproj/InfoPlist.strings; sourceTree = "<group>"; };
		76E885AD174827DB00694D65 /* main.m */ = {isa = PBXFileReference; lastKnownFileType = sourcecode.c.objc; path = main.m; sourceTree = "<group>"; };
		76E885AF174827DB00694D65 /* Mtaxi-Prefix.pch */ = {isa = PBXFileReference; lastKnownFileType = sourcecode.c.h; path = "Mtaxi-Prefix.pch"; sourceTree = "<group>"; };
		76E885B3174827DB00694D65 /* Default.png */ = {isa = PBXFileReference; lastKnownFileType = image.png; path = Default.png; sourceTree = "<group>"; };
		76E885B5174827DB00694D65 /* Default@2x.png */ = {isa = PBXFileReference; lastKnownFileType = image.png; path = "Default@2x.png"; sourceTree = "<group>"; };
		76E885B7174827DB00694D65 /* Default-568h@2x.png */ = {isa = PBXFileReference; lastKnownFileType = image.png; path = "Default-568h@2x.png"; sourceTree = "<group>"; };
		76E885C4174827DB00694D65 /* MtaxiTests.octest */ = {isa = PBXFileReference; explicitFileType = wrapper.cfbundle; includeInIndex = 0; path = MtaxiTests.octest; sourceTree = BUILT_PRODUCTS_DIR; };
		76E885C5174827DB00694D65 /* SenTestingKit.framework */ = {isa = PBXFileReference; lastKnownFileType = wrapper.framework; name = SenTestingKit.framework; path = Library/Frameworks/SenTestingKit.framework; sourceTree = DEVELOPER_DIR; };
		76E885CD174827DB00694D65 /* MtaxiTests-Info.plist */ = {isa = PBXFileReference; lastKnownFileType = text.plist.xml; path = "MtaxiTests-Info.plist"; sourceTree = "<group>"; };
		76E885CF174827DB00694D65 /* en */ = {isa = PBXFileReference; lastKnownFileType = text.plist.strings; name = en; path = en.lproj/InfoPlist.strings; sourceTree = "<group>"; };
		76E885D1174827DB00694D65 /* MtaxiTests.h */ = {isa = PBXFileReference; lastKnownFileType = sourcecode.c.h; path = MtaxiTests.h; sourceTree = "<group>"; };
		76E885D2174827DB00694D65 /* MtaxiTests.m */ = {isa = PBXFileReference; lastKnownFileType = sourcecode.c.objc; path = MtaxiTests.m; sourceTree = "<group>"; };
		76F692051755B36A000F9434 /* UserServerController.h */ = {isa = PBXFileReference; fileEncoding = 4; lastKnownFileType = sourcecode.c.h; path = UserServerController.h; sourceTree = "<group>"; };
		76F692061755B36A000F9434 /* UserServerController.m */ = {isa = PBXFileReference; fileEncoding = 4; lastKnownFileType = sourcecode.c.objc; path = UserServerController.m; sourceTree = "<group>"; };
/* End PBXFileReference section */

/* Begin PBXFrameworksBuildPhase section */
		76E8859B174827DB00694D65 /* Frameworks */ = {
			isa = PBXFrameworksBuildPhase;
			buildActionMask = 2147483647;
			files = (
				2FAFA03E177733FB00ACC3B4 /* Security.framework in Frameworks */,
				76E885A2174827DB00694D65 /* UIKit.framework in Frameworks */,
				76E885A4174827DB00694D65 /* Foundation.framework in Frameworks */,
				76E885A6174827DB00694D65 /* CoreGraphics.framework in Frameworks */,
			);
			runOnlyForDeploymentPostprocessing = 0;
		};
		76E885C0174827DB00694D65 /* Frameworks */ = {
			isa = PBXFrameworksBuildPhase;
			buildActionMask = 2147483647;
			files = (
				76E885C6174827DB00694D65 /* SenTestingKit.framework in Frameworks */,
				76E885C7174827DB00694D65 /* UIKit.framework in Frameworks */,
				76E885C8174827DB00694D65 /* Foundation.framework in Frameworks */,
			);
			runOnlyForDeploymentPostprocessing = 0;
		};
/* End PBXFrameworksBuildPhase section */

/* Begin PBXGroup section */
		2F02E809176150BD007ACDB6 /* pt-BR.lproj */ = {
			isa = PBXGroup;
			children = (
				2F02E80C176150BD007ACDB6 /* MainStoryboard.storyboard */,
			);
			name = "pt-BR.lproj";
			path = "en.lproj/pt-BR.lproj";
			sourceTree = "<group>";
		};
		2F4071AA1748317B00D429FE /* Driver */ = {
			isa = PBXGroup;
			children = (
				76C5EC8617482E7A00F87A75 /* CarType.h */,
				76C5EC8717482E7A00F87A75 /* CarType.m */,
				7665CA6D175EE8CD00784090 /* CarTypeServerController.h */,
				7665CA6E175EE8CD00784090 /* CarTypeServerController.m */,
				76C5EC8817482E7A00F87A75 /* CarTypeViewController.h */,
				76C5EC8917482E7A00F87A75 /* CarTypeViewController.m */,
				76C5EC8017482E7A00F87A75 /* ActiveStatus.h */,
				76C5EC8117482E7A00F87A75 /* ActiveStatus.m */,
				76C5EC8C17482E7A00F87A75 /* DriverInfoViewController.h */,
				76C5EC8D17482E7A00F87A75 /* DriverInfoViewController.m */,
				76C5EC8E17482E7A00F87A75 /* DriverSignUpViewController.h */,
				76C5EC8F17482E7A00F87A75 /* DriverSignUpViewController.m */,
				2F62307317710DE400B51505 /* PassengerDetailViewController.h */,
				2F62307417710DE400B51505 /* PassengerDetailViewController.m */,
			);
			name = Driver;
			sourceTree = "<group>";
		};
		2F4071AB1748353D00D429FE /* Utils */ = {
			isa = PBXGroup;
			children = (
				76C5EC8417482E7A00F87A75 /* CallResult.h */,
				76C5EC8517482E7A00F87A75 /* CallResult.m */,
				76C5EC9517482E7A00F87A75 /* Helper.h */,
				76C5EC9617482E7A00F87A75 /* Helper.m */,
				2F93727D17599D6800F2DDC2 /* DateHelper.h */,
				2F93727E17599D6800F2DDC2 /* DateHelper.m */,
				76A0E33717544689009D18CB /* Marshaller.h */,
				76A0E33817544689009D18CB /* Marshaller.m */,
				2F5A12F7178B96800098D307 /* ScreenValidation.h */,
				2F5A12F8178B96800098D307 /* ScreenValidation.m */,
			);
			name = Utils;
			sourceTree = "<group>";
		};
		2F4071AD1748359400D429FE /* Passenger */ = {
			isa = PBXGroup;
			children = (
				76C5EC9F17482E7A00F87A75 /* PassengerInfoViewController.h */,
				76C5ECA017482E7B00F87A75 /* PassengerInfoViewController.m */,
				76C5ECA317482E7B00F87A75 /* PassengerSignUpViewController.h */,
				76C5ECA417482E7B00F87A75 /* PassengerSignUpViewController.m */,
				2F6230791771123C00B51505 /* DriverDetailViewController.h */,
				2F62307A1771123C00B51505 /* DriverDetailViewController.m */,
			);
			name = Passenger;
			sourceTree = "<group>";
		};
		2F4071AE174835B400D429FE /* Commom */ = {
			isa = PBXGroup;
			children = (
				76C5EC9717482E7A00F87A75 /* Location.h */,
				76C5EC9817482E7A00F87A75 /* Location.m */,
				76C5EC9917482E7A00F87A75 /* LocationViewController.h */,
				76C5EC9A17482E7A00F87A75 /* LocationViewController.m */,
				2F50CED2175D7B1700DF9B47 /* LocationServerController.h */,
				2F50CED3175D7B1700DF9B47 /* LocationServerController.m */,
			);
			name = Commom;
			sourceTree = "<group>";
		};
		2F4071AF174835D900D429FE /* User */ = {
			isa = PBXGroup;
			children = (
				76C5EC9D17482E7A00F87A75 /* User.h */,
				76C5EC9E17482E7A00F87A75 /* User.m */,
				76F692051755B36A000F9434 /* UserServerController.h */,
				76F692061755B36A000F9434 /* UserServerController.m */,
				76A04ED51756FDE10012481B /* SignInToken.h */,
				76A04ED61756FDE10012481B /* SignInToken.m */,
				76A04ED21756FB020012481B /* Driver.h */,
				76A04ED31756FB020012481B /* Driver.m */,
				76A04ECF1756FAD80012481B /* Passenger.h */,
				76A04ED01756FAD80012481B /* Passenger.m */,
				76C5EC9B17482E7A00F87A75 /* LogInViewController.h */,
				76C5EC9C17482E7A00F87A75 /* LogInViewController.m */,
			);
			name = User;
			path = ..;
			sourceTree = "<group>";
		};
		2F4071B017483E9D00D429FE /* Ride */ = {
			isa = PBXGroup;
			children = (
				2F4071B117483EC900D429FE /* Ride.h */,
				2F4071B217483EC900D429FE /* Ride.m */,
				2F93727A17599D0300F2DDC2 /* RideServerController.h */,
				2F93727B17599D0300F2DDC2 /* RideServerController.m */,
				2F38393B1752E25100DF3E25 /* RideStatus.h */,
				2F38393C1752E25200DF3E25 /* RideStatus.m */,
				2F6230781771116A00B51505 /* RideDriver */,
				2F6230771771116200B51505 /* RidePassenger */,
			);
			name = Ride;
			sourceTree = "<group>";
		};
		2F6230771771116200B51505 /* RidePassenger */ = {
			isa = PBXGroup;
			children = (
				2F4071B41748410C00D429FE /* CreateRideViewController.h */,
				2F4071B51748410C00D429FE /* CreateRideViewController.m */,
				2F383937175148F700DF3E25 /* RidesListViewController.h */,
				2F383938175148F700DF3E25 /* RidesListViewController.m */,
				2F37C3DE175585C20033D552 /* RideDetailViewController.h */,
				2F37C3DF175585C20033D552 /* RideDetailViewController.m */,
				2F383935175148F700DF3E25 /* ConfirmRideViewController.h */,
				2F383936175148F700DF3E25 /* ConfirmRideViewController.m */,
				2F5E2897176ABB9D00FD2BB8 /* RateRideViewController.h */,
				2F5E2898176ABB9D00FD2BB8 /* RateRideViewController.m */,
				2F20C3A9176D498A004E953C /* RateRideToken.h */,
				2F20C3AA176D498A004E953C /* RateRideToken.m */,
				2F78B12B17A49D1B00DB4D9F /* CancelRideToken.h */,
				2F78B12C17A49D1B00DB4D9F /* CancelRideToken.m */,
			);
			name = RidePassenger;
			sourceTree = "<group>";
		};
		2F6230781771116A00B51505 /* RideDriver */ = {
			isa = PBXGroup;
			children = (
				2FB89ABB176E5B080036F101 /* UnassignedRidesViewController.h */,
				2FB89ABC176E5B080036F101 /* UnassignedRidesViewController.m */,
				2F70E577176FE8E2004819AE /* DriverRideDetailViewController.h */,
				2F70E578176FE8E2004819AE /* DriverRideDetailViewController.m */,
				2F70E57A176FED8A004819AE /* AssignRideToken.h */,
				2F70E57B176FED8B004819AE /* AssignRideToken.m */,
				2FD5EC691794E11C00EA85DC /* MyRidesViewController.h */,
				2FD5EC6A1794E11C00EA85DC /* MyRidesViewController.m */,
			);
			name = RideDriver;
			sourceTree = "<group>";
		};
		2FAFA0361777339000ACC3B4 /* PDFKeychainBindingsController */ = {
			isa = PBXGroup;
			children = (
				2FAFA037177733D100ACC3B4 /* PDKeychainBindings.h */,
				2FAFA038177733D100ACC3B4 /* PDKeychainBindings.m */,
				2FAFA039177733D100ACC3B4 /* PDKeychainBindingsController.h */,
				2FAFA03A177733D100ACC3B4 /* PDKeychainBindingsController.m */,
			);
			name = PDFKeychainBindingsController;
			sourceTree = "<group>";
		};
		2FAFA03F1777350D00ACC3B4 /* CurrentSession */ = {
			isa = PBXGroup;
			children = (
				76C5EC8A17482E7A00F87A75 /* CurrentSessionToken.h */,
				76C5EC8B17482E7A00F87A75 /* CurrentSessionToken.m */,
				2FAFA0401777353F00ACC3B4 /* CurrentSessionController.h */,
				2FAFA0411777353F00ACC3B4 /* CurrentSessionController.m */,
				2FAFA0361777339000ACC3B4 /* PDFKeychainBindingsController */,
			);
			name = CurrentSession;
			sourceTree = "<group>";
		};
		2FFDDCDF1782685200F23BD1 /* MBProgressHUD */ = {
			isa = PBXGroup;
			children = (
				2FFDDCE01782687C00F23BD1 /* MBProgressHUD.h */,
				2FFDDCE11782687C00F23BD1 /* MBProgressHUD.m */,
			);
			name = MBProgressHUD;
			sourceTree = "<group>";
		};
		761B40C517988E7300988C68 /* ServerController */ = {
			isa = PBXGroup;
			children = (
			);
			name = ServerController;
			sourceTree = "<group>";
		};
		761B40C617988E8B00988C68 /* Domain */ = {
			isa = PBXGroup;
			children = (
			);
			name = Domain;
			sourceTree = "<group>";
		};
		76E88595174827DB00694D65 = {
			isa = PBXGroup;
			children = (
				76DE98C917502EA100E6072B /* UserViewController.h */,
				76DE98CA17502EA100E6072B /* UserViewController.m */,
				76E885A7174827DB00694D65 /* Mtaxi */,
				76E885CB174827DB00694D65 /* MtaxiTests */,
				76E885A0174827DB00694D65 /* Frameworks */,
				76E8859F174827DB00694D65 /* Products */,
			);
			sourceTree = "<group>";
		};
		76E8859F174827DB00694D65 /* Products */ = {
			isa = PBXGroup;
			children = (
				76E8859E174827DB00694D65 /* Mtaxi.app */,
				76E885C4174827DB00694D65 /* MtaxiTests.octest */,
			);
			name = Products;
			sourceTree = "<group>";
		};
		76E885A0174827DB00694D65 /* Frameworks */ = {
			isa = PBXGroup;
			children = (
				2FFDDCDF1782685200F23BD1 /* MBProgressHUD */,
				2FAFA03D177733FB00ACC3B4 /* Security.framework */,
				76E885A1174827DB00694D65 /* UIKit.framework */,
				76E885A3174827DB00694D65 /* Foundation.framework */,
				76E885A5174827DB00694D65 /* CoreGraphics.framework */,
				76E885C5174827DB00694D65 /* SenTestingKit.framework */,
			);
			name = Frameworks;
			sourceTree = "<group>";
		};
		76E885A7174827DB00694D65 /* Mtaxi */ = {
			isa = PBXGroup;
			children = (
				761B40C617988E8B00988C68 /* Domain */,
				761B40C517988E7300988C68 /* ServerController */,
				76C5EC8217482E7A00F87A75 /* AppDelegate.h */,
				76C5EC8317482E7A00F87A75 /* AppDelegate.m */,
				76C5EC9117482E7A00F87A75 /* InfoPlist.strings */,
				2F02E807176150BD007ACDB6 /* MainStoryboard.storyboard */,
				2F02E809176150BD007ACDB6 /* pt-BR.lproj */,
				2FAFA03F1777350D00ACC3B4 /* CurrentSession */,
				2F4071AB1748353D00D429FE /* Utils */,
				2F4071AE174835B400D429FE /* Commom */,
				2F4071AF174835D900D429FE /* User */,
				2F4071AD1748359400D429FE /* Passenger */,
				2F4071AA1748317B00D429FE /* Driver */,
				2F4071B017483E9D00D429FE /* Ride */,
				76E885A8174827DB00694D65 /* Supporting Files */,
			);
			path = Mtaxi;
			sourceTree = "<group>";
		};
		76E885A8174827DB00694D65 /* Supporting Files */ = {
			isa = PBXGroup;
			children = (
				2FA7314A17CD6A0400E29B4D /* 57.png */,
				2FA7314817CD69FD00E29B4D /* 114.png */,
				76E885A9174827DB00694D65 /* Mtaxi-Info.plist */,
				76E885AA174827DB00694D65 /* InfoPlist.strings */,
				76E885AD174827DB00694D65 /* main.m */,
				76E885AF174827DB00694D65 /* Mtaxi-Prefix.pch */,
				2F93C70E17C6D40A00F38940 /* Default-568h@2x.png */,
				2F93C70C17C6D3F700F38940 /* Default@2x.png */,
				2F93C70A17C6D3E100F38940 /* Default.png */,
				2F93C71017C6D46C00F38940 /* icons_01_highlight.png */,
				2F93C71117C6D46C00F38940 /* icons_01_highlight@2x.png */,
				2F93C71217C6D46C00F38940 /* icons_01.png */,
				2F93C71317C6D46C00F38940 /* icons_01@2x.png */,
				2F93C71417C6D46C00F38940 /* icons_02_highlight.png */,
				2F93C71517C6D46C00F38940 /* icons_02_highlight@2x.png */,
				2F93C71617C6D46C00F38940 /* icons_02.png */,
				2F93C71717C6D46C00F38940 /* icons_02@2x.png */,
				76E885B3174827DB00694D65 /* Default.png */,
				76E885B5174827DB00694D65 /* Default@2x.png */,
				76E885B7174827DB00694D65 /* Default-568h@2x.png */,
				2F64BE7217C836B500BA4C3C /* icons_03_highlight.png */,
				2F64BE7317C836B500BA4C3C /* icons_03_highlight@2x.png */,
				2F64BE7417C836B500BA4C3C /* icons_03.png */,
				2F64BE7517C836B500BA4C3C /* icons_03@2x.png */,
				2F62307C17711BFB00B51505 /* id-card.png */,
			);
			name = "Supporting Files";
			sourceTree = "<group>";
		};
		76E885CB174827DB00694D65 /* MtaxiTests */ = {
			isa = PBXGroup;
			children = (
				76E885D1174827DB00694D65 /* MtaxiTests.h */,
				76E885D2174827DB00694D65 /* MtaxiTests.m */,
				76E885CC174827DB00694D65 /* Supporting Files */,
			);
			path = MtaxiTests;
			sourceTree = "<group>";
		};
		76E885CC174827DB00694D65 /* Supporting Files */ = {
			isa = PBXGroup;
			children = (
				76E885CD174827DB00694D65 /* MtaxiTests-Info.plist */,
				76E885CE174827DB00694D65 /* InfoPlist.strings */,
			);
			name = "Supporting Files";
			sourceTree = "<group>";
		};
/* End PBXGroup section */

/* Begin PBXNativeTarget section */
		76E8859D174827DB00694D65 /* Mtaxi */ = {
			isa = PBXNativeTarget;
			buildConfigurationList = 76E885D6174827DB00694D65 /* Build configuration list for PBXNativeTarget "Mtaxi" */;
			buildPhases = (
				76E8859A174827DB00694D65 /* Sources */,
				76E8859B174827DB00694D65 /* Frameworks */,
				76E8859C174827DB00694D65 /* Resources */,
				2FFDDCDD1782669F00F23BD1 /* CopyFiles */,
			);
			buildRules = (
			);
			dependencies = (
			);
			name = Mtaxi;
			productName = Mtaxi;
			productReference = 76E8859E174827DB00694D65 /* Mtaxi.app */;
			productType = "com.apple.product-type.application";
		};
		76E885C3174827DB00694D65 /* MtaxiTests */ = {
			isa = PBXNativeTarget;
			buildConfigurationList = 76E885D9174827DB00694D65 /* Build configuration list for PBXNativeTarget "MtaxiTests" */;
			buildPhases = (
				76E885BF174827DB00694D65 /* Sources */,
				76E885C0174827DB00694D65 /* Frameworks */,
				76E885C1174827DB00694D65 /* Resources */,
				76E885C2174827DB00694D65 /* ShellScript */,
			);
			buildRules = (
			);
			dependencies = (
				76E885CA174827DB00694D65 /* PBXTargetDependency */,
			);
			name = MtaxiTests;
			productName = MtaxiTests;
			productReference = 76E885C4174827DB00694D65 /* MtaxiTests.octest */;
			productType = "com.apple.product-type.bundle";
		};
/* End PBXNativeTarget section */

/* Begin PBXProject section */
		76E88596174827DB00694D65 /* Project object */ = {
			isa = PBXProject;
			attributes = {
				LastUpgradeCheck = 0460;
				ORGANIZATIONNAME = Moovt;
			};
			buildConfigurationList = 76E88599174827DB00694D65 /* Build configuration list for PBXProject "Mtaxi" */;
			compatibilityVersion = "Xcode 3.2";
			developmentRegion = English;
			hasScannedForEncodings = 0;
			knownRegions = (
				en,
				"pt-BR",
			);
			mainGroup = 76E88595174827DB00694D65;
			productRefGroup = 76E8859F174827DB00694D65 /* Products */;
			projectDirPath = "";
			projectRoot = "";
			targets = (
				76E8859D174827DB00694D65 /* Mtaxi */,
				76E885C3174827DB00694D65 /* MtaxiTests */,
			);
		};
/* End PBXProject section */

/* Begin PBXResourcesBuildPhase section */
		76E8859C174827DB00694D65 /* Resources */ = {
			isa = PBXResourcesBuildPhase;
			buildActionMask = 2147483647;
			files = (
				76E885AC174827DB00694D65 /* InfoPlist.strings in Resources */,
				76C5ECAD17482E7B00F87A75 /* InfoPlist.strings in Resources */,
				2F02E80E176150BD007ACDB6 /* MainStoryboard.storyboard in Resources */,
				2F62307D17711BFB00B51505 /* id-card.png in Resources */,
				2F93C70B17C6D3E100F38940 /* Default.png in Resources */,
				2F93C70D17C6D3F700F38940 /* Default@2x.png in Resources */,
				2F93C70F17C6D40A00F38940 /* Default-568h@2x.png in Resources */,
				2F64BE7617C836B500BA4C3C /* icons_03_highlight.png in Resources */,
				2F64BE7717C836B500BA4C3C /* icons_03_highlight@2x.png in Resources */,
				2F64BE7817C836B500BA4C3C /* icons_03.png in Resources */,
				2F64BE7917C836B500BA4C3C /* icons_03@2x.png in Resources */,
				2FA7314917CD69FD00E29B4D /* 114.png in Resources */,
				2FA7314B17CD6A0400E29B4D /* 57.png in Resources */,
			);
			runOnlyForDeploymentPostprocessing = 0;
		};
		76E885C1174827DB00694D65 /* Resources */ = {
			isa = PBXResourcesBuildPhase;
			buildActionMask = 2147483647;
			files = (
				76E885D0174827DB00694D65 /* InfoPlist.strings in Resources */,
			);
			runOnlyForDeploymentPostprocessing = 0;
		};
/* End PBXResourcesBuildPhase section */

/* Begin PBXShellScriptBuildPhase section */
		76E885C2174827DB00694D65 /* ShellScript */ = {
			isa = PBXShellScriptBuildPhase;
			buildActionMask = 2147483647;
			files = (
			);
			inputPaths = (
			);
			outputPaths = (
			);
			runOnlyForDeploymentPostprocessing = 0;
			shellPath = /bin/sh;
			shellScript = "# Run the unit tests in this test bundle.\n\"${SYSTEM_DEVELOPER_DIR}/Tools/RunUnitTests\"\n";
		};
/* End PBXShellScriptBuildPhase section */

/* Begin PBXSourcesBuildPhase section */
		76E8859A174827DB00694D65 /* Sources */ = {
			isa = PBXSourcesBuildPhase;
			buildActionMask = 2147483647;
			files = (
				2FFDDCE317826AED00F23BD1 /* MBProgressHUD.m in Sources */,
				2FAFA0441777401E00ACC3B4 /* PDKeychainBindings.m in Sources */,
				2FAFA0461777401E00ACC3B4 /* PDKeychainBindingsController.m in Sources */,
				2F937279175974D600F2DDC2 /* Passenger.m in Sources */,
				2F937278175974B000F2DDC2 /* Driver.m in Sources */,
				2F937276175974A600F2DDC2 /* SignInToken.m in Sources */,
				2F9372751759748100F2DDC2 /* UserServerController.m in Sources */,
				2F4071B71748526200D429FE /* CreateRideViewController.m in Sources */,
				76E885AE174827DB00694D65 /* main.m in Sources */,
				76C5ECA517482E7B00F87A75 /* ActiveStatus.m in Sources */,
				76C5ECA617482E7B00F87A75 /* AppDelegate.m in Sources */,
				76C5ECA717482E7B00F87A75 /* CallResult.m in Sources */,
				76C5ECA817482E7B00F87A75 /* CarType.m in Sources */,
				76C5ECA917482E7B00F87A75 /* CarTypeViewController.m in Sources */,
				76C5ECAA17482E7B00F87A75 /* CurrentSessionToken.m in Sources */,
				76C5ECAB17482E7B00F87A75 /* DriverInfoViewController.m in Sources */,
				76C5ECAC17482E7B00F87A75 /* DriverSignUpViewController.m in Sources */,
				76C5ECAF17482E7B00F87A75 /* Helper.m in Sources */,
				76C5ECB017482E7B00F87A75 /* Location.m in Sources */,
				76C5ECB117482E7B00F87A75 /* LocationViewController.m in Sources */,
				76C5ECB217482E7B00F87A75 /* LogInViewController.m in Sources */,
				76C5ECB317482E7B00F87A75 /* User.m in Sources */,
				76C5ECB417482E7B00F87A75 /* PassengerInfoViewController.m in Sources */,
				76C5ECB617482E7B00F87A75 /* PassengerSignUpViewController.m in Sources */,
				2F4071B317483EC900D429FE /* Ride.m in Sources */,
				76DE98CB17502EA100E6072B /* UserViewController.m in Sources */,
				2F383939175148F700DF3E25 /* ConfirmRideViewController.m in Sources */,
				2F38393A175148F700DF3E25 /* RidesListViewController.m in Sources */,
				2F38393D1752E25200DF3E25 /* RideStatus.m in Sources */,
				76A0E33917544689009D18CB /* Marshaller.m in Sources */,
				2F37C3E0175585C20033D552 /* RideDetailViewController.m in Sources */,
				2F93727C17599D0400F2DDC2 /* RideServerController.m in Sources */,
				2F93727F17599D6800F2DDC2 /* DateHelper.m in Sources */,
				2F50CED4175D7B1700DF9B47 /* LocationServerController.m in Sources */,
				7665CA6F175EE8CD00784090 /* CarTypeServerController.m in Sources */,
				2F5E2899176ABB9D00FD2BB8 /* RateRideViewController.m in Sources */,
				2F20C3AB176D498A004E953C /* RateRideToken.m in Sources */,
				2FB89ABD176E5B090036F101 /* UnassignedRidesViewController.m in Sources */,
				2F70E579176FE8E3004819AE /* DriverRideDetailViewController.m in Sources */,
				2F70E57C176FED8B004819AE /* AssignRideToken.m in Sources */,
				2F62307517710DE400B51505 /* PassengerDetailViewController.m in Sources */,
				2F62307B1771123C00B51505 /* DriverDetailViewController.m in Sources */,
				2FAFA0421777353F00ACC3B4 /* CurrentSessionController.m in Sources */,
				2F5A12F9178B96800098D307 /* ScreenValidation.m in Sources */,
				2FD5EC6B1794E11C00EA85DC /* MyRidesViewController.m in Sources */,
				2F78B12D17A49D1B00DB4D9F /* CancelRideToken.m in Sources */,
			);
			runOnlyForDeploymentPostprocessing = 0;
		};
		76E885BF174827DB00694D65 /* Sources */ = {
			isa = PBXSourcesBuildPhase;
			buildActionMask = 2147483647;
			files = (
				76E885D3174827DB00694D65 /* MtaxiTests.m in Sources */,
				2FAFA03B177733D100ACC3B4 /* PDKeychainBindings.m in Sources */,
				2FAFA03C177733D100ACC3B4 /* PDKeychainBindingsController.m in Sources */,
				2FFDDCE21782687C00F23BD1 /* MBProgressHUD.m in Sources */,
			);
			runOnlyForDeploymentPostprocessing = 0;
		};
/* End PBXSourcesBuildPhase section */

/* Begin PBXTargetDependency section */
		76E885CA174827DB00694D65 /* PBXTargetDependency */ = {
			isa = PBXTargetDependency;
			target = 76E8859D174827DB00694D65 /* Mtaxi */;
			targetProxy = 76E885C9174827DB00694D65 /* PBXContainerItemProxy */;
		};
/* End PBXTargetDependency section */

/* Begin PBXVariantGroup section */
		2F02E807176150BD007ACDB6 /* MainStoryboard.storyboard */ = {
			isa = PBXVariantGroup;
			children = (
				2F02E808176150BD007ACDB6 /* en */,
			);
			name = MainStoryboard.storyboard;
			sourceTree = "<group>";
		};
		2F02E80C176150BD007ACDB6 /* MainStoryboard.storyboard */ = {
			isa = PBXVariantGroup;
			children = (
				2F02E80D176150BD007ACDB6 /* pt-BR */,
			);
			name = MainStoryboard.storyboard;
			sourceTree = "<group>";
		};
		76C5EC9117482E7A00F87A75 /* InfoPlist.strings */ = {
			isa = PBXVariantGroup;
			children = (
				76C5EC9217482E7A00F87A75 /* en */,
				7696CE6F174FE8DA00AB736A /* pt-BR */,
			);
			name = InfoPlist.strings;
			path = en.lproj;
			sourceTree = "<group>";
		};
		76E885AA174827DB00694D65 /* InfoPlist.strings */ = {
			isa = PBXVariantGroup;
			children = (
				76E885AB174827DB00694D65 /* en */,
				7696CE71174FE8DA00AB736A /* pt-BR */,
			);
			name = InfoPlist.strings;
			sourceTree = "<group>";
		};
		76E885CE174827DB00694D65 /* InfoPlist.strings */ = {
			isa = PBXVariantGroup;
			children = (
				76E885CF174827DB00694D65 /* en */,
				7696CE72174FE8DA00AB736A /* pt-BR */,
			);
			name = InfoPlist.strings;
			sourceTree = "<group>";
		};
/* End PBXVariantGroup section */

/* Begin XCBuildConfiguration section */
		76E885D4174827DB00694D65 /* Debug */ = {
			isa = XCBuildConfiguration;
			buildSettings = {
				ALWAYS_SEARCH_USER_PATHS = NO;
				CLANG_CXX_LANGUAGE_STANDARD = "gnu++0x";
				CLANG_CXX_LIBRARY = "libc++";
				CLANG_ENABLE_OBJC_ARC = YES;
				CLANG_WARN_CONSTANT_CONVERSION = YES;
				CLANG_WARN_EMPTY_BODY = YES;
				CLANG_WARN_ENUM_CONVERSION = YES;
				CLANG_WARN_INT_CONVERSION = YES;
				CLANG_WARN__DUPLICATE_METHOD_MATCH = YES;
				"CODE_SIGN_IDENTITY[sdk=iphoneos*]" = "iPhone Developer";
				COPY_PHASE_STRIP = NO;
				GCC_C_LANGUAGE_STANDARD = gnu99;
				GCC_DYNAMIC_NO_PIC = NO;
				GCC_OPTIMIZATION_LEVEL = 0;
				GCC_PREPROCESSOR_DEFINITIONS = (
					"DEBUG=1",
					"$(inherited)",
				);
				GCC_SYMBOLS_PRIVATE_EXTERN = NO;
				GCC_WARN_ABOUT_RETURN_TYPE = YES;
				GCC_WARN_UNINITIALIZED_AUTOS = YES;
				GCC_WARN_UNUSED_VARIABLE = YES;
				IPHONEOS_DEPLOYMENT_TARGET = 6.1;
				ONLY_ACTIVE_ARCH = YES;
				SDKROOT = iphoneos;
			};
			name = Debug;
		};
		76E885D5174827DB00694D65 /* Release */ = {
			isa = XCBuildConfiguration;
			buildSettings = {
				ALWAYS_SEARCH_USER_PATHS = NO;
				CLANG_CXX_LANGUAGE_STANDARD = "gnu++0x";
				CLANG_CXX_LIBRARY = "libc++";
				CLANG_ENABLE_OBJC_ARC = YES;
				CLANG_WARN_CONSTANT_CONVERSION = YES;
				CLANG_WARN_EMPTY_BODY = YES;
				CLANG_WARN_ENUM_CONVERSION = YES;
				CLANG_WARN_INT_CONVERSION = YES;
				CLANG_WARN__DUPLICATE_METHOD_MATCH = YES;
				"CODE_SIGN_IDENTITY[sdk=iphoneos*]" = "iPhone Developer";
				COPY_PHASE_STRIP = YES;
				GCC_C_LANGUAGE_STANDARD = gnu99;
				GCC_WARN_ABOUT_RETURN_TYPE = YES;
				GCC_WARN_UNINITIALIZED_AUTOS = YES;
				GCC_WARN_UNUSED_VARIABLE = YES;
				IPHONEOS_DEPLOYMENT_TARGET = 6.1;
				OTHER_CFLAGS = "-DNS_BLOCK_ASSERTIONS=1";
				SDKROOT = iphoneos;
				VALIDATE_PRODUCT = YES;
			};
			name = Release;
		};
		76E885D7174827DB00694D65 /* Debug */ = {
			isa = XCBuildConfiguration;
			buildSettings = {
				GCC_PRECOMPILE_PREFIX_HEADER = YES;
				GCC_PREFIX_HEADER = "Mtaxi/Mtaxi-Prefix.pch";
				INFOPLIST_FILE = "Mtaxi/Mtaxi-Info.plist";
				PRODUCT_NAME = "$(TARGET_NAME)";
				WRAPPER_EXTENSION = app;
			};
			name = Debug;
		};
		76E885D8174827DB00694D65 /* Release */ = {
			isa = XCBuildConfiguration;
			buildSettings = {
				GCC_PRECOMPILE_PREFIX_HEADER = YES;
				GCC_PREFIX_HEADER = "Mtaxi/Mtaxi-Prefix.pch";
				INFOPLIST_FILE = "Mtaxi/Mtaxi-Info.plist";
				PRODUCT_NAME = "$(TARGET_NAME)";
				WRAPPER_EXTENSION = app;
			};
			name = Release;
		};
		76E885DA174827DB00694D65 /* Debug */ = {
			isa = XCBuildConfiguration;
			buildSettings = {
				BUNDLE_LOADER = "$(BUILT_PRODUCTS_DIR)/Mtaxi.app/Mtaxi";
				FRAMEWORK_SEARCH_PATHS = (
					"\"$(SDKROOT)/Developer/Library/Frameworks\"",
					"\"$(DEVELOPER_LIBRARY_DIR)/Frameworks\"",
				);
				GCC_PRECOMPILE_PREFIX_HEADER = YES;
				GCC_PREFIX_HEADER = "Mtaxi/Mtaxi-Prefix.pch";
				INFOPLIST_FILE = "MtaxiTests/MtaxiTests-Info.plist";
				PRODUCT_NAME = "$(TARGET_NAME)";
				TEST_HOST = "$(BUNDLE_LOADER)";
				WRAPPER_EXTENSION = octest;
			};
			name = Debug;
		};
		76E885DB174827DB00694D65 /* Release */ = {
			isa = XCBuildConfiguration;
			buildSettings = {
				BUNDLE_LOADER = "$(BUILT_PRODUCTS_DIR)/Mtaxi.app/Mtaxi";
				FRAMEWORK_SEARCH_PATHS = (
					"\"$(SDKROOT)/Developer/Library/Frameworks\"",
					"\"$(DEVELOPER_LIBRARY_DIR)/Frameworks\"",
				);
				GCC_PRECOMPILE_PREFIX_HEADER = YES;
				GCC_PREFIX_HEADER = "Mtaxi/Mtaxi-Prefix.pch";
				INFOPLIST_FILE = "MtaxiTests/MtaxiTests-Info.plist";
				PRODUCT_NAME = "$(TARGET_NAME)";
				TEST_HOST = "$(BUNDLE_LOADER)";
				WRAPPER_EXTENSION = octest;
			};
			name = Release;
		};
/* End XCBuildConfiguration section */

/* Begin XCConfigurationList section */
		76E88599174827DB00694D65 /* Build configuration list for PBXProject "Mtaxi" */ = {
			isa = XCConfigurationList;
			buildConfigurations = (
				76E885D4174827DB00694D65 /* Debug */,
				76E885D5174827DB00694D65 /* Release */,
			);
			defaultConfigurationIsVisible = 0;
			defaultConfigurationName = Release;
		};
		76E885D6174827DB00694D65 /* Build configuration list for PBXNativeTarget "Mtaxi" */ = {
			isa = XCConfigurationList;
			buildConfigurations = (
				76E885D7174827DB00694D65 /* Debug */,
				76E885D8174827DB00694D65 /* Release */,
			);
			defaultConfigurationIsVisible = 0;
			defaultConfigurationName = Release;
		};
		76E885D9174827DB00694D65 /* Build configuration list for PBXNativeTarget "MtaxiTests" */ = {
			isa = XCConfigurationList;
			buildConfigurations = (
				76E885DA174827DB00694D65 /* Debug */,
				76E885DB174827DB00694D65 /* Release */,
			);
			defaultConfigurationIsVisible = 0;
			defaultConfigurationName = Release;
		};
/* End XCConfigurationList section */
	};
	rootObject = 76E88596174827DB00694D65 /* Project object */;
}
